
Microsoft Visual Studio Solution File, Format Version 12.00
# Visual Studio Version 17
VisualStudioVersion = 17.14.36717.8 d17.14
MinimumVisualStudioVersion = 10.0.40219.1
Project("{FAE04EC0-301F-11D3-BF4B-00C04F79EFBC}") = "Bridge", "Bridge.csproj", "{AC8E751B-9872-4002-A56A-46FC9038D8C3}"
EndProject
Global
	GlobalSection(SolutionConfigurationPlatforms) = preSolution
		Debug|Any CPU = Debug|Any CPU
		Release|Any CPU = Release|Any CPU
	EndGlobalSection
	GlobalSection(ProjectConfigurationPlatforms) = postSolution
		{AC8E751B-9872-4002-A56A-46FC9038D8C3}.Debug|Any CPU.ActiveCfg = Debug|Any CPU
		{AC8E751B-9872-4002-A56A-46FC9038D8C3}.Debug|Any CPU.Build.0 = Debug|Any CPU
		{AC8E751B-9872-4002-A56A-46FC9038D8C3}.Debug|Any CPU.Deploy.0 = Debug|Any CPU
		{AC8E751B-9872-4002-A56A-46FC9038D8C3}.Release|Any CPU.ActiveCfg = Release|Any CPU
		{AC8E751B-9872-4002-A56A-46FC9038D8C3}.Release|Any CPU.Build.0 = Release|Any CPU
		{AC8E751B-9872-4002-A56A-46FC9038D8C3}.Release|Any CPU.Deploy.0 = Release|Any CPU
	EndGlobalSection
	GlobalSection(SolutionProperties) = preSolution
		HideSolutionNode = FALSE
	EndGlobalSection
	GlobalSection(ExtensibilityGlobals) = postSolution
		SolutionGuid = {948A54AC-BAD5-454B-98A5-8908C00466CC}
	EndGlobalSection
EndGlobal
